
Microsoft Visual Studio Solution File, Format Version 12.00
# Visual Studio 2013
VisualStudioVersion = 12.0.40629.0
MinimumVisualStudioVersion = 10.0.40219.1
Project("{FAE04EC0-301F-11D3-BF4B-00C04F79EFBC}") = "MovieDemo", "MovieDemo\MovieDemo.csproj", "{032047BC-22AD-4213-8A3B-459840631B5C}"
EndProject
Project("{FAE04EC0-301F-11D3-BF4B-00C04F79EFBC}") = "MovieServices", "MovieServices\MovieServices.csproj", "{BDE91CE3-5278-4350-83FC-06E6AF9C9269}"
EndProject
Project("{FAE04EC0-301F-11D3-BF4B-00C04F79EFBC}") = "MovieDomain", "MovieDomain\MovieDomain.csproj", "{94CEFA40-C2F4-4E28-AB75-C4C65BBB8C8B}"
EndProject
Project("{FAE04EC0-301F-11D3-BF4B-00C04F79EFBC}") = "NUnitTestProject", "NUnitTestProject\NUnitTestProject.csproj", "{067456C0-086C-46A8-B37F-1405717B7BFC}"
EndProject
Project("{2150E333-8FDC-42A3-9474-1A3956D46DE8}") = ".nuget", ".nuget", "{899362CC-9F28-478C-92E5-1B233FC9364B}"
	ProjectSection(SolutionItems) = preProject
		.nuget\packages.config = .nuget\packages.config
	EndProjectSection
EndProject
Global
	GlobalSection(SolutionConfigurationPlatforms) = preSolution
		Debug|Any CPU = Debug|Any CPU
		Release|Any CPU = Release|Any CPU
	EndGlobalSection
	GlobalSection(ProjectConfigurationPlatforms) = postSolution
		{032047BC-22AD-4213-8A3B-459840631B5C}.Debug|Any CPU.ActiveCfg = Debug|Any CPU
		{032047BC-22AD-4213-8A3B-459840631B5C}.Debug|Any CPU.Build.0 = Debug|Any CPU
		{032047BC-22AD-4213-8A3B-459840631B5C}.Release|Any CPU.ActiveCfg = Release|Any CPU
		{032047BC-22AD-4213-8A3B-459840631B5C}.Release|Any CPU.Build.0 = Release|Any CPU
		{BDE91CE3-5278-4350-83FC-06E6AF9C9269}.Debug|Any CPU.ActiveCfg = Debug|Any CPU
		{BDE91CE3-5278-4350-83FC-06E6AF9C9269}.Debug|Any CPU.Build.0 = Debug|Any CPU
		{BDE91CE3-5278-4350-83FC-06E6AF9C9269}.Release|Any CPU.ActiveCfg = Release|Any CPU
		{BDE91CE3-5278-4350-83FC-06E6AF9C9269}.Release|Any CPU.Build.0 = Release|Any CPU
		{94CEFA40-C2F4-4E28-AB75-C4C65BBB8C8B}.Debug|Any CPU.ActiveCfg = Debug|Any CPU
		{94CEFA40-C2F4-4E28-AB75-C4C65BBB8C8B}.Debug|Any CPU.Build.0 = Debug|Any CPU
		{94CEFA40-C2F4-4E28-AB75-C4C65BBB8C8B}.Release|Any CPU.ActiveCfg = Release|Any CPU
		{94CEFA40-C2F4-4E28-AB75-C4C65BBB8C8B}.Release|Any CPU.Build.0 = Release|Any CPU
		{067456C0-086C-46A8-B37F-1405717B7BFC}.Debug|Any CPU.ActiveCfg = Debug|Any CPU
		{067456C0-086C-46A8-B37F-1405717B7BFC}.Debug|Any CPU.Build.0 = Debug|Any CPU
		{067456C0-086C-46A8-B37F-1405717B7BFC}.Release|Any CPU.ActiveCfg = Release|Any CPU
		{067456C0-086C-46A8-B37F-1405717B7BFC}.Release|Any CPU.Build.0 = Release|Any CPU
	EndGlobalSection
	GlobalSection(SolutionProperties) = preSolution
		HideSolutionNode = FALSE
	EndGlobalSection
EndGlobal
